
Microsoft Visual Studio Solution File, Format Version 12.00
# Visual Studio 15
VisualStudioVersion = 15.0.28307.271
MinimumVisualStudioVersion = 10.0.40219.1
Project("{9A19103F-16F7-4668-BE54-9A1E7A4F7556}") = "aspnetcore-custom-exception-middleware", "aspnetcore-custom-exception-middleware.csproj", "{E5E51F3D-36EB-45D0-9FBD-0C63AC6FA9F9}"
EndProject
Global
	GlobalSection(SolutionConfigurationPlatforms) = preSolution
		Debug|Any CPU = Debug|Any CPU
		Release|Any CPU = Release|Any CPU
	EndGlobalSection
	GlobalSection(ProjectConfigurationPlatforms) = postSolution
		{E5E51F3D-36EB-45D0-9FBD-0C63AC6FA9F9}.Debug|Any CPU.ActiveCfg = Debug|Any CPU
		{E5E51F3D-36EB-45D0-9FBD-0C63AC6FA9F9}.Debug|Any CPU.Build.0 = Debug|Any CPU
		{E5E51F3D-36EB-45D0-9FBD-0C63AC6FA9F9}.Release|Any CPU.ActiveCfg = Release|Any CPU
		{E5E51F3D-36EB-45D0-9FBD-0C63AC6FA9F9}.Release|Any CPU.Build.0 = Release|Any CPU
	EndGlobalSection
	GlobalSection(SolutionProperties) = preSolution
		HideSolutionNode = FALSE
	EndGlobalSection
	GlobalSection(ExtensibilityGlobals) = postSolution
		SolutionGuid = {23CCC2EB-0CB7-4AB6-904D-B15F7840E02E}
	EndGlobalSection
EndGlobal
